
Microsoft Visual Studio Solution File, Format Version 12.00
# Visual Studio Version 17
VisualStudioVersion = 17.0.31903.59
MinimumVisualStudioVersion = 10.0.40219.1
Project("{2150E333-8FDC-42A3-9474-1A3956D46DE8}") = "backend", "backend", "{41B63377-3DEA-40A5-8273-847E18B68483}"
EndProject
Project("{2150E333-8FDC-42A3-9474-1A3956D46DE8}") = "Core", "Core", "{E1000001-0001-0001-0001-000000000001}"
EndProject
Project("{2150E333-8FDC-42A3-9474-1A3956D46DE8}") = "Modules", "Modules", "{E2000002-0002-0002-0002-000000000002}"
EndProject
Project("{2150E333-8FDC-42A3-9474-1A3956D46DE8}") = "Feed", "Feed", "{E3000003-0003-0003-0003-000000000003}"
EndProject
Project("{2150E333-8FDC-42A3-9474-1A3956D46DE8}") = "Admin", "Admin", "{E4000004-0004-0004-0004-000000000004}"
EndProject
Project("{2150E333-8FDC-42A3-9474-1A3956D46DE8}") = "Alerts", "Alerts", "{E5000005-0005-0005-0005-000000000005}"
EndProject
Project("{2150E333-8FDC-42A3-9474-1A3956D46DE8}") = "Assets", "Assets", "{E6000006-0006-0006-0006-000000000006}"
EndProject
Project("{2150E333-8FDC-42A3-9474-1A3956D46DE8}") = "Chat", "Chat", "{E7000007-0007-0007-0007-000000000007}"
EndProject
Project("{2150E333-8FDC-42A3-9474-1A3956D46DE8}") = "Events", "Events", "{E8000008-0008-0008-0008-000000000008}"
EndProject
Project("{2150E333-8FDC-42A3-9474-1A3956D46DE8}") = "Map", "Map", "{E9000009-0009-0009-0009-000000000009}"
EndProject
Project("{2150E333-8FDC-42A3-9474-1A3956D46DE8}") = "Marketplace", "Marketplace", "{EA00000A-000A-000A-000A-00000000000A}"
EndProject
Project("{2150E333-8FDC-42A3-9474-1A3956D46DE8}") = "Moderation", "Moderation", "{EB00000B-000B-000B-000B-00000000000B}"
EndProject
Project("{2150E333-8FDC-42A3-9474-1A3956D46DE8}") = "Notifications", "Notifications", "{EC00000C-000C-000C-000C-00000000000C}"
EndProject
Project("{2150E333-8FDC-42A3-9474-1A3956D46DE8}") = "Subscriptions", "Subscriptions", "{ED00000D-000D-000D-000D-00000000000D}"
EndProject
Project("{FAE04EC0-301F-11D3-BF4B-00C04F79EFBC}") = "Araponga.Modules.Subscriptions", "backend\Araponga.Modules.Subscriptions\Araponga.Modules.Subscriptions.csproj", "{S1000001-0001-0001-0001-000000000001}"
EndProject
Project("{2150E333-8FDC-42A3-9474-1A3956D46DE8}") = "Connections", "Connections", "{E000000E-000E-000E-000E-00000000000E}"
EndProject
Project("{FAE04EC0-301F-11D3-BF4B-00C04F79EFBC}") = "Araponga.Modules.Connections", "backend\Araponga.Modules.Connections\Araponga.Modules.Connections.csproj", "{B5000000-5000-5000-5000-000000000000}"
EndProject
Project("{FAE04EC0-301F-11D3-BF4B-00C04F79EFBC}") = "Araponga.Api", "backend\Araponga.Api\Araponga.Api.csproj", "{08DA2003-1543-4F18-9A42-7D87BD6686E9}"
EndProject
Project("{FAE04EC0-301F-11D3-BF4B-00C04F79EFBC}") = "Araponga.Domain", "backend\Araponga.Domain\Araponga.Domain.csproj", "{66176D11-3CEE-481D-8265-5CAAFCC124E8}"
EndProject
Project("{FAE04EC0-301F-11D3-BF4B-00C04F79EFBC}") = "Araponga.Application", "backend\Araponga.Application\Araponga.Application.csproj", "{8DBEB0AB-071B-41FE-8ECE-1619DC9F41AC}"
EndProject
Project("{FAE04EC0-301F-11D3-BF4B-00C04F79EFBC}") = "Araponga.Application.Abstractions", "backend\Araponga.Application.Abstractions\Araponga.Application.Abstractions.csproj", "{8DBEB0AC-071B-41FE-8ECE-1619DC9F41AD}"
EndProject
Project("{FAE04EC0-301F-11D3-BF4B-00C04F79EFBC}") = "Araponga.Infrastructure", "backend\Araponga.Infrastructure\Araponga.Infrastructure.csproj", "{CD1D0C7D-1BBC-4A50-94C7-D9BE3F4FDB7A}"
EndProject
Project("{FAE04EC0-301F-11D3-BF4B-00C04F79EFBC}") = "Araponga.Shared", "backend\Araponga.Shared\Araponga.Shared.csproj", "{461CFFE6-62DA-4977-9C88-F1D79ABB728D}"
EndProject
Project("{FAE04EC0-301F-11D3-BF4B-00C04F79EFBC}") = "Araponga.Modules.Feed", "backend\Araponga.Modules.Feed\Araponga.Modules.Feed.csproj", "{B1C2D3E4-F5A6-8901-BCDE-F12345678901}"
EndProject
Project("{FAE04EC0-301F-11D3-BF4B-00C04F79EFBC}") = "Araponga.Modules.Admin.Infrastructure", "backend\Araponga.Modules.Admin.Infrastructure\Araponga.Modules.Admin.Infrastructure.csproj", "{3B4EB21F-0D75-49DA-8535-9A857246EE59}"
EndProject
Project("{FAE04EC0-301F-11D3-BF4B-00C04F79EFBC}") = "Araponga.Modules.Alerts", "backend\Araponga.Modules.Alerts\Araponga.Modules.Alerts.csproj", "{A7000001-0001-0001-0001-000000000001}"
EndProject
Project("{FAE04EC0-301F-11D3-BF4B-00C04F79EFBC}") = "Araponga.Modules.Assets", "backend\Araponga.Modules.Assets\Araponga.Modules.Assets.csproj", "{A6000001-0006-0006-0006-000000000006}"
EndProject
Project("{FAE04EC0-301F-11D3-BF4B-00C04F79EFBC}") = "Araponga.Modules.Chat", "backend\Araponga.Modules.Chat\Araponga.Modules.Chat.csproj", "{C7000001-0001-0001-0001-000000000001}"
EndProject
Project("{FAE04EC0-301F-11D3-BF4B-00C04F79EFBC}") = "Araponga.Modules.Events", "backend\Araponga.Modules.Events\Araponga.Modules.Events.csproj", "{EE000001-0001-0001-0001-000000000001}"
EndProject
Project("{FAE04EC0-301F-11D3-BF4B-00C04F79EFBC}") = "Araponga.Modules.Map", "backend\Araponga.Modules.Map\Araponga.Modules.Map.csproj", "{M9000001-0009-0009-0009-000000000009}"
EndProject
Project("{FAE04EC0-301F-11D3-BF4B-00C04F79EFBC}") = "Araponga.Modules.Marketplace", "backend\Araponga.Modules.Marketplace\Araponga.Modules.Marketplace.csproj", "{MK000001-000A-000A-000A-00000000000A}"
EndProject
Project("{FAE04EC0-301F-11D3-BF4B-00C04F79EFBC}") = "Araponga.Modules.Moderation", "backend\Araponga.Modules.Moderation\Araponga.Modules.Moderation.csproj", "{MD000001-000B-000B-000B-00000000000B}"
EndProject
Project("{FAE04EC0-301F-11D3-BF4B-00C04F79EFBC}") = "Araponga.Modules.Notifications", "backend\Araponga.Modules.Notifications\Araponga.Modules.Notifications.csproj", "{EF000001-0001-0001-0001-000000000001}"
EndProject
Project("{FAE04EC0-301F-11D3-BF4B-00C04F79EFBC}") = "Araponga.Api.Bff", "backend\Araponga.Api.Bff\Araponga.Api.Bff.csproj", "{A87D44E5-C2A2-432B-B173-44023D8A9790}"
EndProject
Project("{2150E333-8FDC-42A3-9474-1A3956D46DE8}") = "Tests", "Tests", "{T1000001-0001-0001-0001-000000000001}"
EndProject
Project("{FAE04EC0-301F-11D3-BF4B-00C04F79EFBC}") = "Araponga.Tests", "backend\Tests\Araponga.Tests\Araponga.Tests.csproj", "{2A1A0D8E-6A8D-4F52-8B26-9AAB6E2E5E61}"
EndProject
Project("{FAE04EC0-301F-11D3-BF4B-00C04F79EFBC}") = "Araponga.Tests.Shared", "backend\Tests\Araponga.Tests.Shared\Araponga.Tests.Shared.csproj", "{F1000001-0001-0001-0001-000000000001}"
EndProject
Project("{FAE04EC0-301F-11D3-BF4B-00C04F79EFBC}") = "Araponga.Tests.Modules.Connections", "backend\Tests\Araponga.Tests.Modules.Connections\Araponga.Tests.Modules.Connections.csproj", "{F2000002-0002-0002-0002-000000000002}"
EndProject
Project("{FAE04EC0-301F-11D3-BF4B-00C04F79EFBC}") = "Araponga.Tests.Modules.Subscriptions", "backend\Tests\Araponga.Tests.Modules.Subscriptions\Araponga.Tests.Modules.Subscriptions.csproj", "{F3000003-0003-0003-0003-000000000003}"
EndProject
Project("{FAE04EC0-301F-11D3-BF4B-00C04F79EFBC}") = "Araponga.Tests.Modules.Map", "backend\Tests\Araponga.Tests.Modules.Map\Araponga.Tests.Modules.Map.csproj", "{F4000004-0004-0004-0004-000000000004}"
EndProject
Project("{FAE04EC0-301F-11D3-BF4B-00C04F79EFBC}") = "Araponga.Tests.Modules.Marketplace", "backend\Tests\Araponga.Tests.Modules.Marketplace\Araponga.Tests.Modules.Marketplace.csproj", "{F5000005-0005-0005-0005-000000000005}"
EndProject
Project("{FAE04EC0-301F-11D3-BF4B-00C04F79EFBC}") = "Araponga.Tests.Modules.Moderation", "backend\Tests\Araponga.Tests.Modules.Moderation\Araponga.Tests.Modules.Moderation.csproj", "{F6000006-0006-0006-0006-000000000006}"
EndProject
Project("{FAE04EC0-301F-11D3-BF4B-00C04F79EFBC}") = "Araponga.Tests.Bff", "backend\Tests\Araponga.Tests.Bff\Araponga.Tests.Bff.csproj", "{F7000007-0007-0007-0007-000000000007}"
EndProject
Project("{FAE04EC0-301F-11D3-BF4B-00C04F79EFBC}") = "Araponga.Tests.ApiSupport", "backend\Tests\Araponga.Tests.ApiSupport\Araponga.Tests.ApiSupport.csproj", "{F8000008-0008-0008-0008-000000000008}"
EndProject
Global
	GlobalSection(SolutionConfigurationPlatforms) = preSolution
		Debug|Any CPU = Debug|Any CPU
		Release|Any CPU = Release|Any CPU
	EndGlobalSection
	GlobalSection(SolutionProperties) = preSolution
		HideSolutionNode = FALSE
	EndGlobalSection
	GlobalSection(ProjectConfigurationPlatforms) = postSolution
		{08DA2003-1543-4F18-9A42-7D87BD6686E9}.Debug|Any CPU.ActiveCfg = Debug|Any CPU
		{08DA2003-1543-4F18-9A42-7D87BD6686E9}.Debug|Any CPU.Build.0 = Debug|Any CPU
		{08DA2003-1543-4F18-9A42-7D87BD6686E9}.Release|Any CPU.ActiveCfg = Release|Any CPU
		{08DA2003-1543-4F18-9A42-7D87BD6686E9}.Release|Any CPU.Build.0 = Release|Any CPU
		{66176D11-3CEE-481D-8265-5CAAFCC124E8}.Debug|Any CPU.ActiveCfg = Debug|Any CPU
		{66176D11-3CEE-481D-8265-5CAAFCC124E8}.Debug|Any CPU.Build.0 = Debug|Any CPU
		{66176D11-3CEE-481D-8265-5CAAFCC124E8}.Release|Any CPU.ActiveCfg = Release|Any CPU
		{66176D11-3CEE-481D-8265-5CAAFCC124E8}.Release|Any CPU.Build.0 = Release|Any CPU
		{8DBEB0AB-071B-41FE-8ECE-1619DC9F41AC}.Debug|Any CPU.ActiveCfg = Debug|Any CPU
		{8DBEB0AB-071B-41FE-8ECE-1619DC9F41AC}.Debug|Any CPU.Build.0 = Debug|Any CPU
		{8DBEB0AB-071B-41FE-8ECE-1619DC9F41AC}.Release|Any CPU.ActiveCfg = Release|Any CPU
		{8DBEB0AB-071B-41FE-8ECE-1619DC9F41AC}.Release|Any CPU.Build.0 = Release|Any CPU
		{8DBEB0AC-071B-41FE-8ECE-1619DC9F41AD}.Debug|Any CPU.ActiveCfg = Debug|Any CPU
		{8DBEB0AC-071B-41FE-8ECE-1619DC9F41AD}.Debug|Any CPU.Build.0 = Debug|Any CPU
		{8DBEB0AC-071B-41FE-8ECE-1619DC9F41AD}.Release|Any CPU.ActiveCfg = Release|Any CPU
		{8DBEB0AC-071B-41FE-8ECE-1619DC9F41AD}.Release|Any CPU.Build.0 = Release|Any CPU
		{CD1D0C7D-1BBC-4A50-94C7-D9BE3F4FDB7A}.Debug|Any CPU.ActiveCfg = Debug|Any CPU
		{CD1D0C7D-1BBC-4A50-94C7-D9BE3F4FDB7A}.Debug|Any CPU.Build.0 = Debug|Any CPU
		{CD1D0C7D-1BBC-4A50-94C7-D9BE3F4FDB7A}.Release|Any CPU.ActiveCfg = Release|Any CPU
		{CD1D0C7D-1BBC-4A50-94C7-D9BE3F4FDB7A}.Release|Any CPU.Build.0 = Release|Any CPU
		{461CFFE6-62DA-4977-9C88-F1D79ABB728D}.Debug|Any CPU.ActiveCfg = Debug|Any CPU
		{461CFFE6-62DA-4977-9C88-F1D79ABB728D}.Debug|Any CPU.Build.0 = Debug|Any CPU
		{461CFFE6-62DA-4977-9C88-F1D79ABB728D}.Release|Any CPU.ActiveCfg = Release|Any CPU
		{461CFFE6-62DA-4977-9C88-F1D79ABB728D}.Release|Any CPU.Build.0 = Release|Any CPU
		{2A1A0D8E-6A8D-4F52-8B26-9AAB6E2E5E61}.Debug|Any CPU.ActiveCfg = Debug|Any CPU
		{2A1A0D8E-6A8D-4F52-8B26-9AAB6E2E5E61}.Debug|Any CPU.Build.0 = Debug|Any CPU
		{2A1A0D8E-6A8D-4F52-8B26-9AAB6E2E5E61}.Release|Any CPU.ActiveCfg = Release|Any CPU
		{2A1A0D8E-6A8D-4F52-8B26-9AAB6E2E5E61}.Release|Any CPU.Build.0 = Release|Any CPU
		{MD000001-000B-000B-000B-00000000000B}.Debug|Any CPU.ActiveCfg = Debug|Any CPU
		{MD000001-000B-000B-000B-00000000000B}.Debug|Any CPU.Build.0 = Debug|Any CPU
		{MD000001-000B-000B-000B-00000000000B}.Release|Any CPU.ActiveCfg = Release|Any CPU
		{MD000001-000B-000B-000B-00000000000B}.Release|Any CPU.Build.0 = Release|Any CPU
		{A6000001-0006-0006-0006-000000000006}.Debug|Any CPU.ActiveCfg = Debug|Any CPU
		{A6000001-0006-0006-0006-000000000006}.Debug|Any CPU.Build.0 = Debug|Any CPU
		{A6000001-0006-0006-0006-000000000006}.Release|Any CPU.ActiveCfg = Release|Any CPU
		{A6000001-0006-0006-0006-000000000006}.Release|Any CPU.Build.0 = Release|Any CPU
		{3B4EB21F-0D75-49DA-8535-9A857246EE59}.Debug|Any CPU.ActiveCfg = Debug|Any CPU
		{3B4EB21F-0D75-49DA-8535-9A857246EE59}.Debug|Any CPU.Build.0 = Debug|Any CPU
		{3B4EB21F-0D75-49DA-8535-9A857246EE59}.Release|Any CPU.ActiveCfg = Release|Any CPU
		{3B4EB21F-0D75-49DA-8535-9A857246EE59}.Release|Any CPU.Build.0 = Release|Any CPU
		{B1C2D3E4-F5A6-8901-BCDE-F12345678901}.Debug|Any CPU.ActiveCfg = Debug|Any CPU
		{B1C2D3E4-F5A6-8901-BCDE-F12345678901}.Debug|Any CPU.Build.0 = Debug|Any CPU
		{B1C2D3E4-F5A6-8901-BCDE-F12345678901}.Release|Any CPU.ActiveCfg = Release|Any CPU
		{B1C2D3E4-F5A6-8901-BCDE-F12345678901}.Release|Any CPU.Build.0 = Release|Any CPU
		{MK000001-000A-000A-000A-00000000000A}.Debug|Any CPU.ActiveCfg = Debug|Any CPU
		{MK000001-000A-000A-000A-00000000000A}.Debug|Any CPU.Build.0 = Debug|Any CPU
		{MK000001-000A-000A-000A-00000000000A}.Release|Any CPU.ActiveCfg = Release|Any CPU
		{MK000001-000A-000A-000A-00000000000A}.Release|Any CPU.Build.0 = Release|Any CPU
		{EE000001-0001-0001-0001-000000000001}.Debug|Any CPU.ActiveCfg = Debug|Any CPU
		{EE000001-0001-0001-0001-000000000001}.Debug|Any CPU.Build.0 = Debug|Any CPU
		{EE000001-0001-0001-0001-000000000001}.Release|Any CPU.ActiveCfg = Release|Any CPU
		{EE000001-0001-0001-0001-000000000001}.Release|Any CPU.Build.0 = Release|Any CPU
		{EF000001-0001-0001-0001-000000000001}.Debug|Any CPU.ActiveCfg = Debug|Any CPU
		{EF000001-0001-0001-0001-000000000001}.Debug|Any CPU.Build.0 = Debug|Any CPU
		{EF000001-0001-0001-0001-000000000001}.Release|Any CPU.ActiveCfg = Release|Any CPU
		{EF000001-0001-0001-0001-000000000001}.Release|Any CPU.Build.0 = Release|Any CPU
		{M9000001-0009-0009-0009-000000000009}.Debug|Any CPU.ActiveCfg = Debug|Any CPU
		{M9000001-0009-0009-0009-000000000009}.Debug|Any CPU.Build.0 = Debug|Any CPU
		{M9000001-0009-0009-0009-000000000009}.Release|Any CPU.ActiveCfg = Release|Any CPU
		{M9000001-0009-0009-0009-000000000009}.Release|Any CPU.Build.0 = Release|Any CPU
		{C7000001-0001-0001-0001-000000000001}.Debug|Any CPU.ActiveCfg = Debug|Any CPU
		{C7000001-0001-0001-0001-000000000001}.Debug|Any CPU.Build.0 = Debug|Any CPU
		{C7000001-0001-0001-0001-000000000001}.Release|Any CPU.ActiveCfg = Release|Any CPU
		{C7000001-0001-0001-0001-000000000001}.Release|Any CPU.Build.0 = Release|Any CPU
		{A7000001-0001-0001-0001-000000000001}.Debug|Any CPU.ActiveCfg = Debug|Any CPU
		{A7000001-0001-0001-0001-000000000001}.Debug|Any CPU.Build.0 = Debug|Any CPU
		{A7000001-0001-0001-0001-000000000001}.Release|Any CPU.ActiveCfg = Release|Any CPU
		{A7000001-0001-0001-0001-000000000001}.Release|Any CPU.Build.0 = Release|Any CPU
		{A87D44E5-C2A2-432B-B173-44023D8A9790}.Debug|Any CPU.ActiveCfg = Debug|Any CPU
		{A87D44E5-C2A2-432B-B173-44023D8A9790}.Debug|Any CPU.Build.0 = Debug|Any CPU
		{A87D44E5-C2A2-432B-B173-44023D8A9790}.Release|Any CPU.ActiveCfg = Release|Any CPU
		{A87D44E5-C2A2-432B-B173-44023D8A9790}.Release|Any CPU.Build.0 = Release|Any CPU
		{F1000001-0001-0001-0001-000000000001}.Debug|Any CPU.ActiveCfg = Debug|Any CPU
		{F1000001-0001-0001-0001-000000000001}.Debug|Any CPU.Build.0 = Debug|Any CPU
		{F1000001-0001-0001-0001-000000000001}.Release|Any CPU.ActiveCfg = Release|Any CPU
		{F1000001-0001-0001-0001-000000000001}.Release|Any CPU.Build.0 = Release|Any CPU
		{F2000002-0002-0002-0002-000000000002}.Debug|Any CPU.ActiveCfg = Debug|Any CPU
		{F2000002-0002-0002-0002-000000000002}.Debug|Any CPU.Build.0 = Debug|Any CPU
		{F2000002-0002-0002-0002-000000000002}.Release|Any CPU.ActiveCfg = Release|Any CPU
		{F2000002-0002-0002-0002-000000000002}.Release|Any CPU.Build.0 = Release|Any CPU
		{B5000000-5000-5000-5000-000000000000}.Debug|Any CPU.ActiveCfg = Debug|Any CPU
		{B5000000-5000-5000-5000-000000000000}.Debug|Any CPU.Build.0 = Debug|Any CPU
		{B5000000-5000-5000-5000-000000000000}.Release|Any CPU.ActiveCfg = Release|Any CPU
		{B5000000-5000-5000-5000-000000000000}.Release|Any CPU.Build.0 = Release|Any CPU
		{S1000001-0001-0001-0001-000000000001}.Debug|Any CPU.ActiveCfg = Debug|Any CPU
		{S1000001-0001-0001-0001-000000000001}.Debug|Any CPU.Build.0 = Debug|Any CPU
		{S1000001-0001-0001-0001-000000000001}.Release|Any CPU.ActiveCfg = Release|Any CPU
		{S1000001-0001-0001-0001-000000000001}.Release|Any CPU.Build.0 = Release|Any CPU
		{F3000003-0003-0003-0003-000000000003}.Debug|Any CPU.ActiveCfg = Debug|Any CPU
		{F3000003-0003-0003-0003-000000000003}.Debug|Any CPU.Build.0 = Debug|Any CPU
		{F3000003-0003-0003-0003-000000000003}.Release|Any CPU.ActiveCfg = Release|Any CPU
		{F3000003-0003-0003-0003-000000000003}.Release|Any CPU.Build.0 = Release|Any CPU
		{F4000004-0004-0004-0004-000000000004}.Debug|Any CPU.ActiveCfg = Debug|Any CPU
		{F4000004-0004-0004-0004-000000000004}.Debug|Any CPU.Build.0 = Debug|Any CPU
		{F4000004-0004-0004-0004-000000000004}.Release|Any CPU.ActiveCfg = Release|Any CPU
		{F4000004-0004-0004-0004-000000000004}.Release|Any CPU.Build.0 = Release|Any CPU
		{F5000005-0005-0005-0005-000000000005}.Debug|Any CPU.ActiveCfg = Debug|Any CPU
		{F5000005-0005-0005-0005-000000000005}.Debug|Any CPU.Build.0 = Debug|Any CPU
		{F5000005-0005-0005-0005-000000000005}.Release|Any CPU.ActiveCfg = Release|Any CPU
		{F5000005-0005-0005-0005-000000000005}.Release|Any CPU.Build.0 = Release|Any CPU
		{F6000006-0006-0006-0006-000000000006}.Debug|Any CPU.ActiveCfg = Debug|Any CPU
		{F6000006-0006-0006-0006-000000000006}.Debug|Any CPU.Build.0 = Debug|Any CPU
		{F6000006-0006-0006-0006-000000000006}.Release|Any CPU.ActiveCfg = Release|Any CPU
		{F6000006-0006-0006-0006-000000000006}.Release|Any CPU.Build.0 = Release|Any CPU
		{F7000007-0007-0007-0007-000000000007}.Debug|Any CPU.ActiveCfg = Debug|Any CPU
		{F7000007-0007-0007-0007-000000000007}.Debug|Any CPU.Build.0 = Debug|Any CPU
		{F7000007-0007-0007-0007-000000000007}.Release|Any CPU.ActiveCfg = Release|Any CPU
		{F7000007-0007-0007-0007-000000000007}.Release|Any CPU.Build.0 = Release|Any CPU
		{F8000008-0008-0008-0008-000000000008}.Debug|Any CPU.ActiveCfg = Debug|Any CPU
		{F8000008-0008-0008-0008-000000000008}.Debug|Any CPU.Build.0 = Debug|Any CPU
		{F8000008-0008-0008-0008-000000000008}.Release|Any CPU.ActiveCfg = Release|Any CPU
		{F8000008-0008-0008-0008-000000000008}.Release|Any CPU.Build.0 = Release|Any CPU
	EndGlobalSection
	GlobalSection(NestedProjects) = preSolution
		{E1000001-0001-0001-0001-000000000001} = {41B63377-3DEA-40A5-8273-847E18B68483}
		{E2000002-0002-0002-0002-000000000002} = {41B63377-3DEA-40A5-8273-847E18B68483}
		{08DA2003-1543-4F18-9A42-7D87BD6686E9} = {E1000001-0001-0001-0001-000000000001}
		{66176D11-3CEE-481D-8265-5CAAFCC124E8} = {E1000001-0001-0001-0001-000000000001}
		{8DBEB0AB-071B-41FE-8ECE-1619DC9F41AC} = {E1000001-0001-0001-0001-000000000001}
		{8DBEB0AC-071B-41FE-8ECE-1619DC9F41AD} = {E1000001-0001-0001-0001-000000000001}
		{CD1D0C7D-1BBC-4A50-94C7-D9BE3F4FDB7A} = {E1000001-0001-0001-0001-000000000001}
		{461CFFE6-62DA-4977-9C88-F1D79ABB728D} = {E1000001-0001-0001-0001-000000000001}
		{E3000003-0003-0003-0003-000000000003} = {E2000002-0002-0002-0002-000000000002}
		{E4000004-0004-0004-0004-000000000004} = {E2000002-0002-0002-0002-000000000002}
		{E5000005-0005-0005-0005-000000000005} = {E2000002-0002-0002-0002-000000000002}
		{E6000006-0006-0006-0006-000000000006} = {E2000002-0002-0002-0002-000000000002}
		{E7000007-0007-0007-0007-000000000007} = {E2000002-0002-0002-0002-000000000002}
		{E8000008-0008-0008-0008-000000000008} = {E2000002-0002-0002-0002-000000000002}
		{EE000001-0001-0001-0001-000000000001} = {E8000008-0008-0008-0008-000000000008}
		{EF000001-0001-0001-0001-000000000001} = {EC00000C-000C-000C-000C-00000000000C}
		{E9000009-0009-0009-0009-000000000009} = {E2000002-0002-0002-0002-000000000002}
		{EA00000A-000A-000A-000A-00000000000A} = {E2000002-0002-0002-0002-000000000002}
		{EB00000B-000B-000B-000B-00000000000B} = {E2000002-0002-0002-0002-000000000002}
		{EC00000C-000C-000C-000C-00000000000C} = {E2000002-0002-0002-0002-000000000002}
		{ED00000D-000D-000D-000D-00000000000D} = {E2000002-0002-0002-0002-000000000002}
		{B1C2D3E4-F5A6-8901-BCDE-F12345678901} = {E3000003-0003-0003-0003-000000000003}
		{3B4EB21F-0D75-49DA-8535-9A857246EE59} = {E4000004-0004-0004-0004-000000000004}
		{A7000001-0001-0001-0001-000000000001} = {E5000005-0005-0005-0005-000000000005}
		{A6000001-0006-0006-0006-000000000006} = {E6000006-0006-0006-0006-000000000006}
		{C7000001-0001-0001-0001-000000000001} = {E7000007-0007-0007-0007-000000000007}
		{EE000001-0001-0001-0001-000000000001} = {E8000008-0008-0008-0008-000000000008}
		{M9000001-0009-0009-0009-000000000009} = {E9000009-0009-0009-0009-000000000009}
		{MK000001-000A-000A-000A-00000000000A} = {EA00000A-000A-000A-000A-00000000000A}
		{MD000001-000B-000B-000B-00000000000B} = {EB00000B-000B-000B-000B-00000000000B}
		{S1000001-0001-0001-0001-000000000001} = {ED00000D-000D-000D-000D-00000000000D}
		{E000000E-000E-000E-000E-00000000000E} = {E2000002-0002-0002-0002-000000000002}
		{B5000000-5000-5000-5000-000000000000} = {E000000E-000E-000E-000E-00000000000E}
		{A87D44E5-C2A2-432B-B173-44023D8A9790} = {41B63377-3DEA-40A5-8273-847E18B68483}
		{T1000001-0001-0001-0001-000000000001} = {41B63377-3DEA-40A5-8273-847E18B68483}
		{2A1A0D8E-6A8D-4F52-8B26-9AAB6E2E5E61} = {T1000001-0001-0001-0001-000000000001}
		{F1000001-0001-0001-0001-000000000001} = {T1000001-0001-0001-0001-000000000001}
		{F2000002-0002-0002-0002-000000000002} = {T1000001-0001-0001-0001-000000000001}
		{F3000003-0003-0003-0003-000000000003} = {T1000001-0001-0001-0001-000000000001}
		{F4000004-0004-0004-0004-000000000004} = {T1000001-0001-0001-0001-000000000001}
		{F5000005-0005-0005-0005-000000000005} = {T1000001-0001-0001-0001-000000000001}
		{F6000006-0006-0006-0006-000000000006} = {T1000001-0001-0001-0001-000000000001}
		{F7000007-0007-0007-0007-000000000007} = {T1000001-0001-0001-0001-000000000001}
		{F8000008-0008-0008-0008-000000000008} = {T1000001-0001-0001-0001-000000000001}
	EndGlobalSection
EndGlobal
